
Microsoft Visual Studio Solution File, Format Version 12.00
# Visual Studio Express 2012 for Windows Desktop
Project("{FAE04EC0-301F-11D3-BF4B-00C04F79EFBC}") = "MathStuff", "MathStuff\MathStuff.csproj", "{B9006BAB-0520-4552-A8EC-DCEC2B8D2132}"
EndProject
Project("{FAE04EC0-301F-11D3-BF4B-00C04F79EFBC}") = "MathStuffForm", "WindowsFormsApplication1\MathStuffForm.csproj", "{8E8655EB-D43A-41EF-B281-CA10ADAD76B8}"
EndProject
Global
	GlobalSection(SolutionConfigurationPlatforms) = preSolution
		Debug|Any CPU = Debug|Any CPU
		Release|Any CPU = Release|Any CPU
	EndGlobalSection
	GlobalSection(ProjectConfigurationPlatforms) = postSolution
		{B9006BAB-0520-4552-A8EC-DCEC2B8D2132}.Debug|Any CPU.ActiveCfg = Debug|Any CPU
		{B9006BAB-0520-4552-A8EC-DCEC2B8D2132}.Debug|Any CPU.Build.0 = Debug|Any CPU
		{B9006BAB-0520-4552-A8EC-DCEC2B8D2132}.Release|Any CPU.ActiveCfg = Release|Any CPU
		{B9006BAB-0520-4552-A8EC-DCEC2B8D2132}.Release|Any CPU.Build.0 = Release|Any CPU
		{8E8655EB-D43A-41EF-B281-CA10ADAD76B8}.Debug|Any CPU.ActiveCfg = Debug|Any CPU
		{8E8655EB-D43A-41EF-B281-CA10ADAD76B8}.Debug|Any CPU.Build.0 = Debug|Any CPU
		{8E8655EB-D43A-41EF-B281-CA10ADAD76B8}.Release|Any CPU.ActiveCfg = Release|Any CPU
		{8E8655EB-D43A-41EF-B281-CA10ADAD76B8}.Release|Any CPU.Build.0 = Release|Any CPU
	EndGlobalSection
	GlobalSection(SolutionProperties) = preSolution
		HideSolutionNode = FALSE
	EndGlobalSection
EndGlobal
